
Microsoft Visual Studio Solution File, Format Version 12.00
# Visual Studio Version 17
VisualStudioVersion = 17.11.35208.52
MinimumVisualStudioVersion = 10.0.40219.1
Project("{FAE04EC0-301F-11D3-BF4B-00C04F79EFBC}") = "MemoryCardGame", "MemoryCardGame\MemoryCardGame.csproj", "{0D352DE7-EA49-42CB-935A-1CC93BEC2024}"
EndProject
Global
	GlobalSection(SolutionConfigurationPlatforms) = preSolution
		Debug|Any CPU = Debug|Any CPU
		Release|Any CPU = Release|Any CPU
	EndGlobalSection
	GlobalSection(ProjectConfigurationPlatforms) = postSolution
		{0D352DE7-EA49-42CB-935A-1CC93BEC2024}.Debug|Any CPU.ActiveCfg = Debug|Any CPU
		{0D352DE7-EA49-42CB-935A-1CC93BEC2024}.Debug|Any CPU.Build.0 = Debug|Any CPU
		{0D352DE7-EA49-42CB-935A-1CC93BEC2024}.Release|Any CPU.ActiveCfg = Release|Any CPU
		{0D352DE7-EA49-42CB-935A-1CC93BEC2024}.Release|Any CPU.Build.0 = Release|Any CPU
	EndGlobalSection
	GlobalSection(SolutionProperties) = preSolution
		HideSolutionNode = FALSE
	EndGlobalSection
	GlobalSection(ExtensibilityGlobals) = postSolution
		SolutionGuid = {20683725-1A1A-4DF1-9BED-0BA75B719A03}
	EndGlobalSection
EndGlobal
